# Generated by pub
# See https://dart.dev/tools/pub/glossary#lockfile
packages:
  angel3_auth:
    dependency: transitive
    description:
      name: angel3_auth
      sha256: "8a469e7175445c4b053db14c4a147d209789477659a231e27b547252e12d8440"
      url: "https://pub.dev"
    source: hosted
    version: "8.0.0"
  angel3_client:
    dependency: transitive
    description:
      name: angel3_client
      sha256: "3021060c43db4f0a2ebfe5d90e31ad33ce16a0f7b04c7f972195e23b51939bdf"
      url: "https://pub.dev"
    source: hosted
    version: "8.0.0"
  angel3_container:
    dependency: "direct main"
    description:
      name: angel3_container
      sha256: "18bfada5a357a47cc302fd15001a3a1e333b671e0ea6be76fb738d565793702c"
      url: "https://pub.dev"
    source: hosted
    version: "8.0.0"
  angel3_framework:
    dependency: "direct main"
    description:
      name: angel3_framework
      sha256: "76aa84aa101c924123818c255280a18829edb00c0e4f5a553e431a8546fe3c4f"
      url: "https://pub.dev"
    source: hosted
    version: "8.0.0"
  angel3_hot:
    dependency: "direct dev"
    description:
      name: angel3_hot
      sha256: fb578869c5d56ec7ade65a40497a0e142b95cdbc0e367435937c5c4db29704d5
      url: "https://pub.dev"
    source: hosted
    version: "8.0.0"
  angel3_http_exception:
    dependency: transitive
    description:
      name: angel3_http_exception
      sha256: "6cd6e4333f4b0714124425c0ba1defe419a4bca9daafbe5b01b91c38a7053885"
      url: "https://pub.dev"
    source: hosted
    version: "8.0.0"
  angel3_jael:
    dependency: "direct main"
    description:
      name: angel3_jael
      sha256: fdf74796376ad21fbb8da3628a4c4ecea20c4dbd3a4342a91e234ef24f3d406f
      url: "https://pub.dev"
    source: hosted
    version: "8.0.0"
  angel3_mock_request:
    dependency: transitive
    description:
      name: angel3_mock_request
      sha256: cd15efb464e9f877363b336a801c7d409d4b94a33e4ed4f2adef4b73e5774307
      url: "https://pub.dev"
    source: hosted
    version: "8.0.0"
  angel3_model:
    dependency: transitive
    description:
      name: angel3_model
      sha256: ccd47c0df1723617bc1caa70c8fe07a6074d87806722472ce2c8094b476d7e72
      url: "https://pub.dev"
    source: hosted
    version: "8.0.0"
  angel3_production:
    dependency: "direct main"
    description:
      name: angel3_production
      sha256: b7842d3fc8b2c04bf32dc8bd0c653930831b3c2c29fdc7833915f9ddd06f6438
      url: "https://pub.dev"
    source: hosted
    version: "8.0.0"
  angel3_route:
    dependency: transitive
    description:
      name: angel3_route
      sha256: f969d5d1f69df031fefd9be7e252bca71e2e9afd7cb944b0f753bf456440566f
      url: "https://pub.dev"
    source: hosted
    version: "8.0.0"
  angel3_static:
    dependency: "direct main"
    description:
      name: angel3_static
      sha256: "27887a267b21881092c91d555796fc0baf7affc93f5509fa59f71df5939f04f2"
      url: "https://pub.dev"
    source: hosted
    version: "8.0.0"
  angel3_websocket:
    dependency: transitive
    description:
      name: angel3_websocket
      sha256: "53e895ef0324bd71f04baa3db30df7290aa3ec5f93e2610e58e92c30e61255b3"
      url: "https://pub.dev"
    source: hosted
    version: "8.0.0"
  args:
    dependency: transitive
    description:
      name: args
      sha256: eef6c46b622e0494a36c5a12d10d77fb4e855501a91c1b9ef9339326e58f0596
      url: "https://pub.dev"
    source: hosted
    version: "2.4.2"
  async:
    dependency: transitive
    description:
      name: async
      sha256: "947bfcf187f74dbc5e146c9eb9c0f10c9f8b30743e341481c1e2ed3ecc18c20c"
      url: "https://pub.dev"
    source: hosted
    version: "2.11.0"
  belatuk_code_buffer:
    dependency: transitive
    description:
      name: belatuk_code_buffer
      sha256: "2412bff2dfa1c1c62c65dfccdd3a77b88db5b0ad20eb7b661832256957c7ff95"
      url: "https://pub.dev"
    source: hosted
    version: "5.0.0"
  belatuk_combinator:
    dependency: transitive
    description:
      name: belatuk_combinator
      sha256: a9b747f56afafec4468dac8985dab52791337f1d52dd853453cd6ad121f0a836
      url: "https://pub.dev"
    source: hosted
    version: "5.0.0"
  belatuk_html_builder:
    dependency: transitive
    description:
      name: belatuk_html_builder
      sha256: "62f4243de21733e14870b3ee9df58072cf793b619bd6c89822a5e1e7518c8189"
      url: "https://pub.dev"
    source: hosted
    version: "5.0.0"
  belatuk_http_server:
    dependency: transitive
    description:
      name: belatuk_http_server
      sha256: "0aa4ee42f0b59daa903f0267d199c55486f1d52298c7ccf0444bb9d42981dd1c"
      url: "https://pub.dev"
    source: hosted
    version: "4.1.2"
  belatuk_json_serializer:
    dependency: transitive
    description:
      name: belatuk_json_serializer
      sha256: "2758214340ef6f417a3374f37b46b867d07fd7bd7c0bf43379e342db7cff05fe"
      url: "https://pub.dev"
    source: hosted
    version: "7.0.0"
  belatuk_merge_map:
    dependency: transitive
    description:
      name: belatuk_merge_map
      sha256: "832249657b113605cc8ebc5efc4e6b322465802d0f72efee55fc6ddb0caf2d3b"
      url: "https://pub.dev"
    source: hosted
    version: "5.0.0"
  belatuk_pretty_logging:
    dependency: "direct main"
    description:
      name: belatuk_pretty_logging
      sha256: "6a4a347017e48d2c5142764b699f018aefcd3de0f17455c5ca13815f4f38704a"
      url: "https://pub.dev"
    source: hosted
    version: "6.0.0"
  belatuk_pub_sub:
    dependency: transitive
    description:
      name: belatuk_pub_sub
      sha256: "726de47fe23e81876c19d62b45398ef44eabc52c4f0e3071473369381b4ce108"
      url: "https://pub.dev"
    source: hosted
    version: "6.0.0"
  belatuk_range_header:
    dependency: transitive
    description:
      name: belatuk_range_header
      sha256: d4d8c5d83157c1a7139b3e374bac0febce4b7f6fab8d9846d9f4dc6665a60cd2
      url: "https://pub.dev"
    source: hosted
    version: "6.0.0"
  belatuk_symbol_table:
    dependency: transitive
    description:
      name: belatuk_symbol_table
      sha256: "2bcfc25c058bee770957d160e69233d8683ee18d7ff9960e9fabe83cf681d8bf"
      url: "https://pub.dev"
    source: hosted
    version: "5.0.0"
  boolean_selector:
    dependency: transitive
    description:
      name: boolean_selector
      sha256: "6cfb5af12253eaf2b368f07bacc5a80d1301a071c73360d746b7f2e32d762c66"
      url: "https://pub.dev"
    source: hosted
    version: "2.1.1"
  charcode:
    dependency: transitive
    description:
      name: charcode
      sha256: fb98c0f6d12c920a02ee2d998da788bca066ca5f148492b7085ee23372b12306
      url: "https://pub.dev"
    source: hosted
    version: "1.3.1"
  clock:
    dependency: transitive
    description:
      name: clock
      sha256: cb6d7f03e1de671e34607e909a7213e31d7752be4fb66a86d29fe1eb14bfb5cf
      url: "https://pub.dev"
    source: hosted
    version: "1.1.1"
  collection:
    dependency: transitive
    description:
      name: collection
      sha256: ee67cb0715911d28db6bf4af1026078bd6f0128b07a5f66fb2ed94ec6783c09a
      url: "https://pub.dev"
    source: hosted
    version: "1.18.0"
  convert:
    dependency: transitive
    description:
      name: convert
      sha256: "0f08b14755d163f6e2134cb58222dd25ea2a2ee8a195e53983d57c075324d592"
      url: "https://pub.dev"
    source: hosted
    version: "3.1.1"
  crypto:
    dependency: transitive
    description:
      name: crypto
      sha256: ff625774173754681d66daaf4a448684fb04b78f902da9cb3d308c19cc5e8bab
      url: "https://pub.dev"
    source: hosted
    version: "3.0.3"
  file:
    dependency: "direct main"
    description:
      name: file
      sha256: "5fc22d7c25582e38ad9a8515372cd9a93834027aacf1801cf01164dac0ffa08c"
      url: "https://pub.dev"
    source: hosted
    version: "7.0.0"
  glob:
    dependency: transitive
    description:
      name: glob
      sha256: "0e7014b3b7d4dac1ca4d6114f82bf1782ee86745b9b42a92c9289c23d8a0ab63"
      url: "https://pub.dev"
    source: hosted
    version: "2.1.2"
  http:
    dependency: transitive
    description:
      name: http
      sha256: "759d1a329847dd0f39226c688d3e06a6b8679668e350e2891a6474f8b4bb8525"
      url: "https://pub.dev"
    source: hosted
    version: "1.1.0"
  http2:
    dependency: transitive
    description:
      name: http2
      sha256: "38db0c4aa9f1cd238a5d2e86aa0cc7cc91c77e0c6c94ba64bbe85e4ff732a952"
      url: "https://pub.dev"
    source: hosted
    version: "2.2.0"
  http_parser:
    dependency: transitive
    description:
      name: http_parser
      sha256: "2aa08ce0341cc9b354a498388e30986515406668dbcc4f7c950c3e715496693b"
      url: "https://pub.dev"
    source: hosted
    version: "4.0.2"
  intl:
    dependency: transitive
    description:
      name: intl
      sha256: "3bc132a9dbce73a7e4a21a17d06e1878839ffbf975568bc875c60537824b0c4d"
      url: "https://pub.dev"
    source: hosted
    version: "0.18.1"
  io:
    dependency: transitive
    description:
      name: io
      sha256: "2ec25704aba361659e10e3e5f5d672068d332fc8ac516421d483a11e5cbd061e"
      url: "https://pub.dev"
    source: hosted
    version: "1.0.4"
  jael3:
    dependency: transitive
    description:
      name: jael3
      sha256: "0758e19f5edc475dd6a4888626641e086efbd839b776c6e97dfe74d2852489e2"
      url: "https://pub.dev"
    source: hosted
    version: "8.0.0"
  jael3_preprocessor:
    dependency: transitive
    description:
      name: jael3_preprocessor
      sha256: "56ef90535f92779298394e59602ed65cc11a12caa8d18c159b137c497858f989"
      url: "https://pub.dev"
    source: hosted
    version: "8.0.0"
  json_rpc_2:
    dependency: transitive
    description:
      name: json_rpc_2
      sha256: "5e469bffa23899edacb7b22787780068d650b106a21c76db3c49218ab7ca447e"
      url: "https://pub.dev"
    source: hosted
    version: "3.0.2"
  logging:
    dependency: "direct main"
    description:
      name: logging
      sha256: "623a88c9594aa774443aa3eb2d41807a48486b5613e67599fb4c41c0ad47c340"
      url: "https://pub.dev"
    source: hosted
    version: "1.2.0"
  matcher:
    dependency: transitive
    description:
      name: matcher
      sha256: "1803e76e6653768d64ed8ff2e1e67bea3ad4b923eb5c56a295c3e634bad5960e"
      url: "https://pub.dev"
    source: hosted
    version: "0.12.16"
  meta:
    dependency: transitive
    description:
      name: meta
      sha256: a6e590c838b18133bb482a2745ad77c5bb7715fb0451209e1a7567d416678b8e
      url: "https://pub.dev"
    source: hosted
    version: "1.10.0"
  mime:
    dependency: transitive
    description:
      name: mime
      sha256: e4ff8e8564c03f255408decd16e7899da1733852a9110a58fe6d1b817684a63e
      url: "https://pub.dev"
    source: hosted
    version: "1.0.4"
  path:
    dependency: transitive
    description:
      name: path
      sha256: "8829d8a55c13fc0e37127c29fedf290c102f4e40ae94ada574091fe0ff96c917"
      url: "https://pub.dev"
    source: hosted
    version: "1.8.3"
  quiver:
    dependency: transitive
    description:
      name: quiver
      sha256: b1c1ac5ce6688d77f65f3375a9abb9319b3cb32486bdc7a1e0fdf004d7ba4e47
      url: "https://pub.dev"
    source: hosted
    version: "3.2.1"
  recase:
    dependency: transitive
    description:
      name: recase
      sha256: e4eb4ec2dcdee52dcf99cb4ceabaffc631d7424ee55e56f280bc039737f89213
      url: "https://pub.dev"
    source: hosted
    version: "4.1.0"
  source_span:
    dependency: transitive
    description:
      name: source_span
      sha256: "53e943d4206a5e30df338fd4c6e7a077e02254531b138a15aec3bd143c1a8b3c"
      url: "https://pub.dev"
    source: hosted
    version: "1.10.0"
  stack_trace:
    dependency: transitive
    description:
      name: stack_trace
      sha256: "73713990125a6d93122541237550ee3352a2d84baad52d375a4cad2eb9b7ce0b"
      url: "https://pub.dev"
    source: hosted
    version: "1.11.1"
  stream_channel:
    dependency: transitive
    description:
      name: stream_channel
      sha256: ba2aa5d8cc609d96bbb2899c28934f9e1af5cddbd60a827822ea467161eb54e7
      url: "https://pub.dev"
    source: hosted
    version: "2.1.2"
  string_scanner:
    dependency: transitive
    description:
      name: string_scanner
      sha256: "556692adab6cfa87322a115640c11f13cb77b3f076ddcc5d6ae3c20242bedcde"
      url: "https://pub.dev"
    source: hosted
    version: "1.2.0"
  term_glyph:
    dependency: transitive
    description:
      name: term_glyph
      sha256: a29248a84fbb7c79282b40b8c72a1209db169a2e0542bce341da992fe1bc7e84
      url: "https://pub.dev"
    source: hosted
    version: "1.2.1"
  test_api:
    dependency: transitive
    description:
      name: test_api
      sha256: "5c2f730018264d276c20e4f1503fd1308dfbbae39ec8ee63c5236311ac06954b"
      url: "https://pub.dev"
    source: hosted
    version: "0.6.1"
  tuple:
    dependency: transitive
    description:
      name: tuple
      sha256: a97ce2013f240b2f3807bcbaf218765b6f301c3eff91092bcfa23a039e7dd151
      url: "https://pub.dev"
    source: hosted
    version: "2.0.2"
  typed_data:
    dependency: transitive
    description:
      name: typed_data
      sha256: facc8d6582f16042dd49f2463ff1bd6e2c9ef9f3d5da3d9b087e244a7b564b3c
      url: "https://pub.dev"
    source: hosted
    version: "1.3.2"
  uuid:
    dependency: transitive
    description:
      name: uuid
      sha256: "648e103079f7c64a36dc7d39369cabb358d377078a051d6ae2ad3aa539519313"
      url: "https://pub.dev"
    source: hosted
    version: "3.0.7"
  vm_service:
    dependency: transitive
    description:
      name: vm_service
      sha256: c538be99af830f478718b51630ec1b6bee5e74e52c8a802d328d9e71d35d2583
      url: "https://pub.dev"
    source: hosted
    version: "11.10.0"
  watcher:
    dependency: transitive
    description:
      name: watcher
      sha256: "3d2ad6751b3c16cf07c7fca317a1413b3f26530319181b37e3b9039b84fc01d8"
      url: "https://pub.dev"
    source: hosted
    version: "1.1.0"
  web_socket_channel:
    dependency: transitive
    description:
      name: web_socket_channel
      sha256: d88238e5eac9a42bb43ca4e721edba3c08c6354d4a53063afaa568516217621b
      url: "https://pub.dev"
    source: hosted
    version: "2.4.0"
sdks:
  dart: ">=3.1.0 <4.0.0"
